
Microsoft Visual Studio Solution File, Format Version 12.00
# Visual Studio Version 16
VisualStudioVersion = 16.0.31702.278
MinimumVisualStudioVersion = 10.0.40219.1
Project("{FAE04EC0-301F-11D3-BF4B-00C04F79EFBC}") = "PairProgrammingPrimerIdea", "PairProgrammingPrimerIdea\PairProgrammingPrimerIdea.csproj", "{BC4ADF9D-561E-43A1-BA98-5D8D5ACF4221}"
EndProject
Global
	GlobalSection(SolutionConfigurationPlatforms) = preSolution
		Debug|Any CPU = Debug|Any CPU
		Release|Any CPU = Release|Any CPU
	EndGlobalSection
	GlobalSection(ProjectConfigurationPlatforms) = postSolution
		{BC4ADF9D-561E-43A1-BA98-5D8D5ACF4221}.Debug|Any CPU.ActiveCfg = Debug|Any CPU
		{BC4ADF9D-561E-43A1-BA98-5D8D5ACF4221}.Debug|Any CPU.Build.0 = Debug|Any CPU
		{BC4ADF9D-561E-43A1-BA98-5D8D5ACF4221}.Release|Any CPU.ActiveCfg = Release|Any CPU
		{BC4ADF9D-561E-43A1-BA98-5D8D5ACF4221}.Release|Any CPU.Build.0 = Release|Any CPU
	EndGlobalSection
	GlobalSection(SolutionProperties) = preSolution
		HideSolutionNode = FALSE
	EndGlobalSection
	GlobalSection(ExtensibilityGlobals) = postSolution
		SolutionGuid = {F38547E5-2B64-4509-B2A9-DC6D13611EBA}
	EndGlobalSection
EndGlobal
